
Microsoft Visual Studio Solution File, Format Version 12.00
# Visual Studio Version 16
VisualStudioVersion = 16.0.28922.388
MinimumVisualStudioVersion = 10.0.40219.1
Project("{FAE04EC0-301F-11D3-BF4B-00C04F79EFBC}") = "SITAPI", "SITAPI\SITAPI.csproj", "{13D5D26E-46FD-4785-9440-6E9F260101AB}"
EndProject
Project("{FAE04EC0-301F-11D3-BF4B-00C04F79EFBC}") = "SITDto", "SITDto\SITDto.csproj", "{83FC18BF-2AD6-44C4-88C9-993A43B6E8E5}"
EndProject
Project("{FAE04EC0-301F-11D3-BF4B-00C04F79EFBC}") = "SITW", "SITW\SITW.csproj", "{1FA27A0A-3A97-438E-9C8D-E9F0EB58C97E}"
EndProject
Global
	GlobalSection(SolutionConfigurationPlatforms) = preSolution
		Debug|Any CPU = Debug|Any CPU
		EmailRelease|Any CPU = EmailRelease|Any CPU
		funbetDebug|Any CPU = funbetDebug|Any CPU
		funbetRelease|Any CPU = funbetRelease|Any CPU
		Release|Any CPU = Release|Any CPU
	EndGlobalSection
	GlobalSection(ProjectConfigurationPlatforms) = postSolution
		{13D5D26E-46FD-4785-9440-6E9F260101AB}.Debug|Any CPU.ActiveCfg = Debug|Any CPU
		{13D5D26E-46FD-4785-9440-6E9F260101AB}.Debug|Any CPU.Build.0 = Debug|Any CPU
		{13D5D26E-46FD-4785-9440-6E9F260101AB}.EmailRelease|Any CPU.ActiveCfg = EmailRelease|Any CPU
		{13D5D26E-46FD-4785-9440-6E9F260101AB}.EmailRelease|Any CPU.Build.0 = EmailRelease|Any CPU
		{13D5D26E-46FD-4785-9440-6E9F260101AB}.funbetDebug|Any CPU.ActiveCfg = Debug|Any CPU
		{13D5D26E-46FD-4785-9440-6E9F260101AB}.funbetDebug|Any CPU.Build.0 = Debug|Any CPU
		{13D5D26E-46FD-4785-9440-6E9F260101AB}.funbetRelease|Any CPU.ActiveCfg = funbetRelease|Any CPU
		{13D5D26E-46FD-4785-9440-6E9F260101AB}.funbetRelease|Any CPU.Build.0 = funbetRelease|Any CPU
		{13D5D26E-46FD-4785-9440-6E9F260101AB}.Release|Any CPU.ActiveCfg = Release|Any CPU
		{13D5D26E-46FD-4785-9440-6E9F260101AB}.Release|Any CPU.Build.0 = Release|Any CPU
		{83FC18BF-2AD6-44C4-88C9-993A43B6E8E5}.Debug|Any CPU.ActiveCfg = Debug|Any CPU
		{83FC18BF-2AD6-44C4-88C9-993A43B6E8E5}.Debug|Any CPU.Build.0 = Debug|Any CPU
		{83FC18BF-2AD6-44C4-88C9-993A43B6E8E5}.EmailRelease|Any CPU.ActiveCfg = EmailRelease|Any CPU
		{83FC18BF-2AD6-44C4-88C9-993A43B6E8E5}.EmailRelease|Any CPU.Build.0 = EmailRelease|Any CPU
		{83FC18BF-2AD6-44C4-88C9-993A43B6E8E5}.funbetDebug|Any CPU.ActiveCfg = Debug|Any CPU
		{83FC18BF-2AD6-44C4-88C9-993A43B6E8E5}.funbetDebug|Any CPU.Build.0 = Debug|Any CPU
		{83FC18BF-2AD6-44C4-88C9-993A43B6E8E5}.funbetRelease|Any CPU.ActiveCfg = funbetRelease|Any CPU
		{83FC18BF-2AD6-44C4-88C9-993A43B6E8E5}.funbetRelease|Any CPU.Build.0 = funbetRelease|Any CPU
		{83FC18BF-2AD6-44C4-88C9-993A43B6E8E5}.Release|Any CPU.ActiveCfg = Release|Any CPU
		{83FC18BF-2AD6-44C4-88C9-993A43B6E8E5}.Release|Any CPU.Build.0 = Release|Any CPU
		{1FA27A0A-3A97-438E-9C8D-E9F0EB58C97E}.Debug|Any CPU.ActiveCfg = Debug|Any CPU
		{1FA27A0A-3A97-438E-9C8D-E9F0EB58C97E}.Debug|Any CPU.Build.0 = Debug|Any CPU
		{1FA27A0A-3A97-438E-9C8D-E9F0EB58C97E}.EmailRelease|Any CPU.ActiveCfg = EmailRelease|Any CPU
		{1FA27A0A-3A97-438E-9C8D-E9F0EB58C97E}.EmailRelease|Any CPU.Build.0 = EmailRelease|Any CPU
		{1FA27A0A-3A97-438E-9C8D-E9F0EB58C97E}.funbetDebug|Any CPU.ActiveCfg = Debug|Any CPU
		{1FA27A0A-3A97-438E-9C8D-E9F0EB58C97E}.funbetDebug|Any CPU.Build.0 = Debug|Any CPU
		{1FA27A0A-3A97-438E-9C8D-E9F0EB58C97E}.funbetRelease|Any CPU.ActiveCfg = funbetRelease|Any CPU
		{1FA27A0A-3A97-438E-9C8D-E9F0EB58C97E}.funbetRelease|Any CPU.Build.0 = funbetRelease|Any CPU
		{1FA27A0A-3A97-438E-9C8D-E9F0EB58C97E}.Release|Any CPU.ActiveCfg = Release|Any CPU
		{1FA27A0A-3A97-438E-9C8D-E9F0EB58C97E}.Release|Any CPU.Build.0 = Release|Any CPU
	EndGlobalSection
	GlobalSection(SolutionProperties) = preSolution
		HideSolutionNode = FALSE
	EndGlobalSection
	GlobalSection(ExtensibilityGlobals) = postSolution
		SolutionGuid = {21EBD97A-6A93-451B-9287-E05A823ABF0B}
	EndGlobalSection
EndGlobal
